schema: '2.0'
stages:
  regression:
    cmd: python regression.py ../../../data/mtg.feather
    deps:
    - path: ../../../data/mtg.feather
      md5: 84e50093078e4324073a62424276b57d
      size: 9411618
    - path: regression.py
      md5: 9fa5b1d9ea072d6da7f72de33eb7951b
      size: 3084
    outs:
    - path: regression.pkl
      md5: 7b67ec3ee2fae0b4be7148bbfc577e95
      size: 425674
    - path: regression_df.csv
      md5: 3b7334bd17d05c0584ddfc41edca70e9
      size: 2836642916
  topic_model:
    cmd: python topic_model.py ../../../data/mtg.feather
    deps:
    - path: ../../../data/mtg.feather
      md5: 84e50093078e4324073a62424276b57d
      size: 9411618
    - path: topic_model.py
      md5: 1037656d3285d0c957e7bd9211feaaa1
      size: 1746
    outs:
    - path: my_model
      md5: e8e9bdf3bc7e72e6c7828d69b2b2e304
      size: 293412973
  multilabel:
    cmd: python multilabel.py ../../../data/mtg.feather
    deps:
    - path: ../../../data/mtg.feather
      md5: 84e50093078e4324073a62424276b57d
      size: 9411618
    - path: multilabel.py
      md5: 8ade5d7a8363feff41d35ef30926e9f6
      size: 2178
    outs:
    - path: mtg_classifier_multilabel.pkl
      md5: 913354c87c904124a9d4165b45409fc0
      size: 4534293
  multiclass:
    cmd: python multiclass.py ../../../data/mtg.feather
    deps:
    - path: ../../../data/mtg.feather
      md5: 84e50093078e4324073a62424276b57d
      size: 9411618
    - path: multiclass.py
      md5: f467bfb3235f3ca011c90f42ec1140ad
      size: 1931
    params:
      params.yaml:
        preprocessing.ngrams:
          smallest: 1
          largest: 1
    outs:
    - path: metrics.json
      md5: 97e1bb510f0df271383a72d131cd2ad6
      size: 177
    - path: mtg_classifier.pkl
      md5: f905f4c351748a59e7e8f66339505613
      size: 780419
