schema: '2.0'
stages:
  regression:
    cmd: python regression.py ../../../data/mtg.feather
    deps:
    - path: ../../../data/mtg.feather
      md5: 84e50093078e4324073a62424276b57d
      size: 9411618
    - path: regression.py
      md5: 9fa5b1d9ea072d6da7f72de33eb7951b
      size: 3084
    outs:
    - path: regression.pkl
      md5: 7b67ec3ee2fae0b4be7148bbfc577e95
      size: 425674
    - path: regression_df.csv
      md5: 3b7334bd17d05c0584ddfc41edca70e9
      size: 2836642916
  topic_model:
    cmd: python topic_model.py ../../../data/mtg.feather
    deps:
    - path: ../../../data/mtg.feather
      md5: 84e50093078e4324073a62424276b57d
      size: 9411618
    - path: topic_model.py
      md5: 1037656d3285d0c957e7bd9211feaaa1
      size: 1746
    outs:
    - path: my_model
      md5: 846b53c0bd1671bbd9daba602789e71b
      size: 293489207
  multilabel:
    cmd: python multilabel.py ../../../data/mtg.feather
    deps:
    - path: ../../../data/mtg.feather
      md5: 84e50093078e4324073a62424276b57d
      size: 9411618
    - path: multilabel.py
      md5: 8ade5d7a8363feff41d35ef30926e9f6
      size: 2178
    outs:
    - path: mtg_classifier_multilabel.pkl
      md5: 11df76cc1854e69036aa8c9688b9b78d
      size: 4534293
  multiclass:
    cmd: python multiclass.py ../../../data/mtg.feather
    deps:
    - path: ../../../data/mtg.feather
      md5: 84e50093078e4324073a62424276b57d
      size: 9411618
    - path: multiclass.py
      md5: 8b3f92015734dff42c851341d0c253f4
      size: 1893
    params:
      params.yaml:
        tfidf.min_df: 0.2
    outs:
    - path: metrics.json
      md5: 692ef77719fabca460088dac04027688
      size: 177
    - path: mtg_classifier.pkl
      md5: 84036f5c4ac1a128fd5d0352472eba03
      size: 1787491
