schema: '2.0'
stages:
  multilabel:
    cmd: python multilabel.py
    deps:
    - path: ../../../data/mtg.feather
      md5: 84e50093078e4324073a62424276b57d
      size: 9411618
    - path: multilabel.py
      md5: f67238b659cc9e161aff8217f3fb102f
      size: 2094
    - path: my_functions.py
      md5: f8c88137430d6f6d13065ea8d02c908c
      size: 1653
    params:
      params.yaml:
        LinearSVC.loss: hinge
        LinearSVC.penalty: l1
    outs:
    - path: metrics.json
      md5: 89dc5d3c2f73669b37c1d3bbf011aa30
      size: 77
    - path: multilabel.pkl
      md5: 3ee84c4c114eed3a7daaa141352ccf07
      size: 11983794
