schema: '2.0'
stages:
  multilabel:
    cmd: python multilabel.py
    deps:
    - path: ../../../data/mtg.feather
      md5: 84e50093078e4324073a62424276b57d
      size: 9411618
    - path: multilabel.py
      md5: 27cfc1300ded88f685b4c696d9310890
      size: 2121
    - path: my_functions.py
      md5: f8c88137430d6f6d13065ea8d02c908c
      size: 1653
    params:
      params.yaml:
        LinearSVC.loss: hinge
        LinearSVC.penalty: l2
    outs:
    - path: metrics.json
      md5: f285bb2685461b8c405e92ea8d832ea4
      size: 77
    - path: multilabel.pkl
      md5: 1d75310a6e2bc32dc51c6509fe8089e4
      size: 11983794
